
Microsoft Visual Studio Solution File, Format Version 12.00
# Visual Studio Version 17
VisualStudioVersion = 17.5.33530.505
MinimumVisualStudioVersion = 10.0.40219.1
Project("{FAE04EC0-301F-11D3-BF4B-00C04F79EFBC}") = "EmployeeManageAPI", "EmployeeManageAPI\EmployeeManageAPI.csproj", "{3AD6B64C-AE36-4554-AD87-66459BE99DBD}"
EndProject
Global
	GlobalSection(SolutionConfigurationPlatforms) = preSolution
		Debug|Any CPU = Debug|Any CPU
		Release|Any CPU = Release|Any CPU
	EndGlobalSection
	GlobalSection(ProjectConfigurationPlatforms) = postSolution
		{3AD6B64C-AE36-4554-AD87-66459BE99DBD}.Debug|Any CPU.ActiveCfg = Debug|Any CPU
		{3AD6B64C-AE36-4554-AD87-66459BE99DBD}.Debug|Any CPU.Build.0 = Debug|Any CPU
		{3AD6B64C-AE36-4554-AD87-66459BE99DBD}.Release|Any CPU.ActiveCfg = Release|Any CPU
		{3AD6B64C-AE36-4554-AD87-66459BE99DBD}.Release|Any CPU.Build.0 = Release|Any CPU
	EndGlobalSection
	GlobalSection(SolutionProperties) = preSolution
		HideSolutionNode = FALSE
	EndGlobalSection
	GlobalSection(ExtensibilityGlobals) = postSolution
		SolutionGuid = {A7137405-39B9-4902-883D-708683D8A106}
	EndGlobalSection
EndGlobal
